
Microsoft Visual Studio Solution File, Format Version 12.00
# Visual Studio 2013
VisualStudioVersion = 12.0.31101.0
MinimumVisualStudioVersion = 10.0.40219.1
Project("{FAE04EC0-301F-11D3-BF4B-00C04F79EFBC}") = "ClientHost", "ClientHost\ClientHost.csproj", "{3DBC55BA-8D92-4D3E-BE6D-DB7F4F7DD415}"
EndProject
Project("{FAE04EC0-301F-11D3-BF4B-00C04F79EFBC}") = "ClientHostForm", "ClientHostForm\ClientHostForm.csproj", "{B763A2F0-CA63-4B6F-861A-47C9545EF26E}"
EndProject
Global
	GlobalSection(SolutionConfigurationPlatforms) = preSolution
		Debug|Any CPU = Debug|Any CPU
		Release|Any CPU = Release|Any CPU
	EndGlobalSection
	GlobalSection(ProjectConfigurationPlatforms) = postSolution
		{3DBC55BA-8D92-4D3E-BE6D-DB7F4F7DD415}.Debug|Any CPU.ActiveCfg = Debug|Any CPU
		{3DBC55BA-8D92-4D3E-BE6D-DB7F4F7DD415}.Debug|Any CPU.Build.0 = Debug|Any CPU
		{3DBC55BA-8D92-4D3E-BE6D-DB7F4F7DD415}.Release|Any CPU.ActiveCfg = Release|Any CPU
		{3DBC55BA-8D92-4D3E-BE6D-DB7F4F7DD415}.Release|Any CPU.Build.0 = Release|Any CPU
		{B763A2F0-CA63-4B6F-861A-47C9545EF26E}.Debug|Any CPU.ActiveCfg = Debug|Any CPU
		{B763A2F0-CA63-4B6F-861A-47C9545EF26E}.Debug|Any CPU.Build.0 = Debug|Any CPU
		{B763A2F0-CA63-4B6F-861A-47C9545EF26E}.Release|Any CPU.ActiveCfg = Release|Any CPU
		{B763A2F0-CA63-4B6F-861A-47C9545EF26E}.Release|Any CPU.Build.0 = Release|Any CPU
	EndGlobalSection
	GlobalSection(SolutionProperties) = preSolution
		HideSolutionNode = FALSE
	EndGlobalSection
EndGlobal
